// !$*UTF8*$!
{
	archiveVersion = 1;
	classes = {
	};
	objectVersion = 70;
	objects = {

/* Begin PBXBuildFile section */
		8A00000000000000000000A1 /* Sparkle in Frameworks */ = {isa = PBXBuildFile; productRef = 9A00000000000000000000A2 /* Sparkle */; };
		8A00000000000000000000A2 /* Sparkle in Frameworks */ = {isa = PBXBuildFile; productRef = 9A00000000000000000000A3 /* Sparkle */; };
/* End PBXBuildFile section */

/* Begin PBXFileReference section */
		3A00000000000000000000A1 /* Brushy.app */ = {isa = PBXFileReference; explicitFileType = wrapper.application; includeInIndex = 0; path = Brushy.app; sourceTree = BUILT_PRODUCTS_DIR; };
		3A00000000000000000000A2 /* BrushyTests.xctest */ = {isa = PBXFileReference; explicitFileType = wrapper.cfbundle; includeInIndex = 0; path = BrushyTests.xctest; sourceTree = BUILT_PRODUCTS_DIR; };
/* End PBXFileReference section */

/* Begin PBXFileSystemSynchronizedRootGroup section */
		4A00000000000000000000A1 /* Brushy */ = {isa = PBXFileSystemSynchronizedRootGroup; explicitFileTypes = {}; explicitFolders = (); path = Brushy; sourceTree = "<group>"; };
		4A00000000000000000000A2 /* BrushyTests */ = {isa = PBXFileSystemSynchronizedRootGroup; explicitFileTypes = {}; explicitFolders = (); path = BrushyTests; sourceTree = "<group>"; };
/* End PBXFileSystemSynchronizedRootGroup section */

/* Begin PBXFrameworksBuildPhase section */
		5A00000000000000000000A2 /* Frameworks */ = {
			isa = PBXFrameworksBuildPhase;
			buildActionMask = 2147483647;
			files = (
				8A00000000000000000000A1 /* Sparkle in Frameworks */,
			);
			runOnlyForDeploymentPostprocessing = 0;
		};
		5B00000000000000000000A2 /* Frameworks */ = {
			isa = PBXFrameworksBuildPhase;
			buildActionMask = 2147483647;
			files = (
				8A00000000000000000000A2 /* Sparkle in Frameworks */,
			);
			runOnlyForDeploymentPostprocessing = 0;
		};
/* End PBXFrameworksBuildPhase section */

/* Begin PBXGroup section */
		1A000000000000000000000A = {
			isa = PBXGroup;
			children = (
				4A00000000000000000000A1 /* Brushy */,
				4A00000000000000000000A2 /* BrushyTests */,
				1A000000000000000000000B /* Products */,
			);
			sourceTree = "<group>";
		};
		1A000000000000000000000B /* Products */ = {
			isa = PBXGroup;
			children = (
				3A00000000000000000000A1 /* Brushy.app */,
				3A00000000000000000000A2 /* BrushyTests.xctest */,
			);
			name = Products;
			sourceTree = "<group>";
		};
/* End PBXGroup section */

/* Begin PBXNativeTarget section */
		2A00000000000000000000A1 /* Brushy */ = {
			isa = PBXNativeTarget;
			buildConfigurationList = 6A00000000000000000000A2 /* Build configuration list for PBXNativeTarget "Brushy" */;
			buildPhases = (
				5A00000000000000000000A1 /* Sources */,
				5A00000000000000000000A2 /* Frameworks */,
				5A00000000000000000000A3 /* Resources */,
			);
			buildRules = (
			);
			dependencies = (
			);
			fileSystemSynchronizedGroups = (
				4A00000000000000000000A1 /* Brushy */,
			);
			name = Brushy;
			packageProductDependencies = (
				9A00000000000000000000A2 /* Sparkle */,
			);
			productName = Brushy;
			productReference = 3A00000000000000000000A1 /* Brushy.app */;
			productType = "com.apple.product-type.application";
		};
		2A00000000000000000000A2 /* BrushyTests */ = {
			isa = PBXNativeTarget;
			buildConfigurationList = 6A00000000000000000000A3 /* Build configuration list for PBXNativeTarget "BrushyTests" */;
			buildPhases = (
				5B00000000000000000000A1 /* Sources */,
				5B00000000000000000000A2 /* Frameworks */,
				5B00000000000000000000A3 /* Resources */,
			);
			buildRules = (
			);
			dependencies = (
			);
			fileSystemSynchronizedGroups = (
				4A00000000000000000000A1 /* Brushy */,
				4A00000000000000000000A2 /* BrushyTests */,
			);
			name = BrushyTests;
			packageProductDependencies = (
				9A00000000000000000000A3 /* Sparkle */,
			);
			productName = BrushyTests;
			productReference = 3A00000000000000000000A2 /* BrushyTests.xctest */;
			productType = "com.apple.product-type.bundle.unit-test";
		};
/* End PBXNativeTarget section */

/* Begin PBXProject section */
		1A00000000000000000000FF /* Project object */ = {
			isa = PBXProject;
			attributes = {
				BuildIndependentTargetsInParallel = 1;
				LastUpgradeCheck = 1600;
				TargetAttributes = {
					2A00000000000000000000A1 = {
						CreatedOnToolsVersion = 16.0;
					};
					2A00000000000000000000A2 = {
						CreatedOnToolsVersion = 16.0;
					};
				};
			};
			buildConfigurationList = 6A00000000000000000000A1 /* Build configuration list for PBXProject "Brushy" */;
			compatibilityVersion = "Xcode 16.0.Superseded.1";
			developmentRegion = en;
			hasScannedForEncodings = 0;
			knownRegions = (
				en,
				Base,
			);
			mainGroup = 1A000000000000000000000A;
			minimizedProjectReferenceProxies = 1;
			packageReferences = (
				9A00000000000000000000A1 /* XCRemoteSwiftPackageReference "Sparkle" */,
			);
			productRefGroup = 1A000000000000000000000B /* Products */;
			projectDirPath = "";
			projectRoot = "";
			targets = (
				2A00000000000000000000A1 /* Brushy */,
				2A00000000000000000000A2 /* BrushyTests */,
			);
		};
/* End PBXProject section */

/* Begin PBXResourcesBuildPhase section */
		5A00000000000000000000A3 /* Resources */ = {
			isa = PBXResourcesBuildPhase;
			buildActionMask = 2147483647;
			files = (
			);
			runOnlyForDeploymentPostprocessing = 0;
		};
		5B00000000000000000000A3 /* Resources */ = {
			isa = PBXResourcesBuildPhase;
			buildActionMask = 2147483647;
			files = (
			);
			runOnlyForDeploymentPostprocessing = 0;
		};
/* End PBXResourcesBuildPhase section */

/* Begin PBXSourcesBuildPhase section */
		5A00000000000000000000A1 /* Sources */ = {
			isa = PBXSourcesBuildPhase;
			buildActionMask = 2147483647;
			files = (
			);
			runOnlyForDeploymentPostprocessing = 0;
		};
		5B00000000000000000000A1 /* Sources */ = {
			isa = PBXSourcesBuildPhase;
			buildActionMask = 2147483647;
			files = (
			);
			runOnlyForDeploymentPostprocessing = 0;
		};
/* End PBXSourcesBuildPhase section */

/* Begin XCBuildConfiguration section */
		7A00000000000000000000D1 /* Debug */ = {
			isa = XCBuildConfiguration;
			buildSettings = {
				ALWAYS_SEARCH_USER_PATHS = NO;
				ARCHS = arm64;
				CLANG_ANALYZER_NONNULL = YES;
				CLANG_ENABLE_MODULES = YES;
				CLANG_ENABLE_OBJC_ARC = YES;
				CODE_SIGN_IDENTITY = "-";
				CODE_SIGN_STYLE = Manual;
				COPY_PHASE_STRIP = NO;
				DEAD_CODE_STRIPPING = YES;
				DEBUG_INFORMATION_FORMAT = dwarf;
				DEVELOPMENT_TEAM = "";
				ENABLE_STRICT_OBJC_MSGSEND = YES;
				ENABLE_TESTABILITY = YES;
				ENABLE_USER_SCRIPT_SANDBOXING = YES;
				GCC_C_LANGUAGE_STANDARD = gnu17;
				GCC_DYNAMIC_NO_PIC = NO;
				GCC_NO_COMMON_BLOCKS = YES;
				GCC_OPTIMIZATION_LEVEL = 0;
				GCC_PREPROCESSOR_DEFINITIONS = (
					"DEBUG=1",
					"$(inherited)",
				);
				LOCALIZATION_PREFERS_STRING_CATALOGS = YES;
				MACOSX_DEPLOYMENT_TARGET = 14.0;
				MTL_ENABLE_DEBUG_INFO = INCLUDE_SOURCE;
				MTL_FAST_MATH = YES;
				ONLY_ACTIVE_ARCH = YES;
				SDKROOT = macosx;
				SWIFT_ACTIVE_COMPILATION_CONDITIONS = "DEBUG $(inherited)";
				SWIFT_OPTIMIZATION_LEVEL = "-Onone";
				SWIFT_VERSION = 5.0;
			};
			name = Debug;
		};
		7A00000000000000000000E1 /* Release */ = {
			isa = XCBuildConfiguration;
			buildSettings = {
				ALWAYS_SEARCH_USER_PATHS = NO;
				ARCHS = arm64;
				CLANG_ANALYZER_NONNULL = YES;
				CLANG_ENABLE_MODULES = YES;
				CLANG_ENABLE_OBJC_ARC = YES;
				CODE_SIGN_IDENTITY = "-";
				CODE_SIGN_STYLE = Manual;
				COPY_PHASE_STRIP = NO;
				DEAD_CODE_STRIPPING = YES;
				DEBUG_INFORMATION_FORMAT = "dwarf-with-dsym";
				DEVELOPMENT_TEAM = "";
				ENABLE_NS_ASSERTIONS = NO;
				ENABLE_STRICT_OBJC_MSGSEND = YES;
				ENABLE_USER_SCRIPT_SANDBOXING = YES;
				GCC_C_LANGUAGE_STANDARD = gnu17;
				GCC_NO_COMMON_BLOCKS = YES;
				LOCALIZATION_PREFERS_STRING_CATALOGS = YES;
				MACOSX_DEPLOYMENT_TARGET = 14.0;
				MTL_ENABLE_DEBUG_INFO = NO;
				MTL_FAST_MATH = YES;
				SDKROOT = macosx;
				SWIFT_COMPILATION_MODE = wholemodule;
				SWIFT_OPTIMIZATION_LEVEL = "-O";
				SWIFT_VERSION = 5.0;
			};
			name = Release;
		};
		7B00000000000000000000D1 /* Debug */ = {
			isa = XCBuildConfiguration;
			buildSettings = {
				ASSETCATALOG_COMPILER_APPICON_NAME = AppIcon;
				COMBINE_HIDPI_IMAGES = YES;
				CURRENT_PROJECT_VERSION = 0;
				GENERATE_INFOPLIST_FILE = NO;
				INFOPLIST_FILE = Config/Info.plist;
				LD_RUNPATH_SEARCH_PATHS = (
					"$(inherited)",
					"@executable_path/../Frameworks",
				);
				MARKETING_VERSION = 0.1.0;
				PRODUCT_BUNDLE_IDENTIFIER = com.nfarina.Brushy;
				PRODUCT_NAME = "$(TARGET_NAME)";
			};
			name = Debug;
		};
		7B00000000000000000000E1 /* Release */ = {
			isa = XCBuildConfiguration;
			buildSettings = {
				ASSETCATALOG_COMPILER_APPICON_NAME = AppIcon;
				COMBINE_HIDPI_IMAGES = YES;
				CURRENT_PROJECT_VERSION = 0;
				GENERATE_INFOPLIST_FILE = NO;
				INFOPLIST_FILE = Config/Info.plist;
				LD_RUNPATH_SEARCH_PATHS = (
					"$(inherited)",
					"@executable_path/../Frameworks",
				);
				MARKETING_VERSION = 0.1.0;
				PRODUCT_BUNDLE_IDENTIFIER = com.nfarina.Brushy;
				PRODUCT_NAME = "$(TARGET_NAME)";
			};
			name = Release;
		};
		7C00000000000000000000D1 /* Debug */ = {
			isa = XCBuildConfiguration;
			buildSettings = {
				GENERATE_INFOPLIST_FILE = YES;
				PRODUCT_BUNDLE_IDENTIFIER = com.nfarina.BrushyTests;
				PRODUCT_NAME = "$(TARGET_NAME)";
				SWIFT_ACTIVE_COMPILATION_CONDITIONS = "$(inherited) UNIT_TESTS";
			};
			name = Debug;
		};
		7C00000000000000000000E1 /* Release */ = {
			isa = XCBuildConfiguration;
			buildSettings = {
				GENERATE_INFOPLIST_FILE = YES;
				PRODUCT_BUNDLE_IDENTIFIER = com.nfarina.BrushyTests;
				PRODUCT_NAME = "$(TARGET_NAME)";
				SWIFT_ACTIVE_COMPILATION_CONDITIONS = "$(inherited) UNIT_TESTS";
			};
			name = Release;
		};
/* End XCBuildConfiguration section */

/* Begin XCConfigurationList section */
		6A00000000000000000000A1 /* Build configuration list for PBXProject "Brushy" */ = {
			isa = XCConfigurationList;
			buildConfigurations = (
				7A00000000000000000000D1 /* Debug */,
				7A00000000000000000000E1 /* Release */,
			);
			defaultConfigurationIsVisible = 0;
			defaultConfigurationName = Release;
		};
		6A00000000000000000000A2 /* Build configuration list for PBXNativeTarget "Brushy" */ = {
			isa = XCConfigurationList;
			buildConfigurations = (
				7B00000000000000000000D1 /* Debug */,
				7B00000000000000000000E1 /* Release */,
			);
			defaultConfigurationIsVisible = 0;
			defaultConfigurationName = Release;
		};
		6A00000000000000000000A3 /* Build configuration list for PBXNativeTarget "BrushyTests" */ = {
			isa = XCConfigurationList;
			buildConfigurations = (
				7C00000000000000000000D1 /* Debug */,
				7C00000000000000000000E1 /* Release */,
			);
			defaultConfigurationIsVisible = 0;
			defaultConfigurationName = Release;
		};
/* End XCConfigurationList section */

/* Begin XCRemoteSwiftPackageReference section */
		9A00000000000000000000A1 /* XCRemoteSwiftPackageReference "Sparkle" */ = {
			isa = XCRemoteSwiftPackageReference;
			repositoryURL = "https://github.com/sparkle-project/Sparkle";
			requirement = {
				kind = upToNextMajorVersion;
				minimumVersion = 2.9.6;
			};
		};
/* End XCRemoteSwiftPackageReference section */

/* Begin XCSwiftPackageProductDependency section */
		9A00000000000000000000A2 /* Sparkle */ = {
			isa = XCSwiftPackageProductDependency;
			package = 9A00000000000000000000A1 /* XCRemoteSwiftPackageReference "Sparkle" */;
			productName = Sparkle;
		};
		9A00000000000000000000A3 /* Sparkle */ = {
			isa = XCSwiftPackageProductDependency;
			package = 9A00000000000000000000A1 /* XCRemoteSwiftPackageReference "Sparkle" */;
			productName = Sparkle;
		};
/* End XCSwiftPackageProductDependency section */
	};
	rootObject = 1A00000000000000000000FF /* Project object */;
}
